// !$*UTF8*$!
{
	archiveVersion = 1;
	classes = {
	};
	objectVersion = 50;
	objects = {

/* Begin PBXBuildFile section */
		8307126C264E12C900FEB56C /* AppDelegate.swift in Sources */ = {isa = PBXBuildFile; fileRef = 8307126B264E12C900FEB56C /* AppDelegate.swift */; };
		8307126E264E12C900FEB56C /* SceneDelegate.swift in Sources */ = {isa = PBXBuildFile; fileRef = 8307126D264E12C900FEB56C /* SceneDelegate.swift */; };
		83071270264E12C900FEB56C /* Main.swift in Sources */ = {isa = PBXBuildFile; fileRef = 8307126F264E12C900FEB56C /* Main.swift */; };
		83071273264E12C900FEB56C /* Main.storyboard in Resources */ = {isa = PBXBuildFile; fileRef = 83071271264E12C900FEB56C /* Main.storyboard */; };
		83071275264E12CA00FEB56C /* Assets.xcassets in Resources */ = {isa = PBXBuildFile; fileRef = 83071274264E12CA00FEB56C /* Assets.xcassets */; };
		83071278264E12CA00FEB56C /* LaunchScreen.storyboard in Resources */ = {isa = PBXBuildFile; fileRef = 83071276264E12CA00FEB56C /* LaunchScreen.storyboard */; };
		83071280264E12DF00FEB56C /* Networking.swift in Sources */ = {isa = PBXBuildFile; fileRef = 8307127F264E12DF00FEB56C /* Networking.swift */; };
		83071282264E1EA400FEB56C /* Constants.swift in Sources */ = {isa = PBXBuildFile; fileRef = 83071281264E1EA400FEB56C /* Constants.swift */; };
		83071284264E2A1100FEB56C /* RestaurantCell.swift in Sources */ = {isa = PBXBuildFile; fileRef = 83071283264E2A1100FEB56C /* RestaurantCell.swift */; };
		83071286264E2B1C00FEB56C /* Helpers.swift in Sources */ = {isa = PBXBuildFile; fileRef = 83071285264E2B1C00FEB56C /* Helpers.swift */; };
		83369968264E59D200F43368 /* Restaurant.swift in Sources */ = {isa = PBXBuildFile; fileRef = 83369967264E59D200F43368 /* Restaurant.swift */; };
/* End PBXBuildFile section */

/* Begin PBXFileReference section */
		83071268264E12C900FEB56C /* frestaurant.app */ = {isa = PBXFileReference; explicitFileType = wrapper.application; includeInIndex = 0; path = frestaurant.app; sourceTree = BUILT_PRODUCTS_DIR; };
		8307126B264E12C900FEB56C /* AppDelegate.swift */ = {isa = PBXFileReference; lastKnownFileType = sourcecode.swift; path = AppDelegate.swift; sourceTree = "<group>"; };
		8307126D264E12C900FEB56C /* SceneDelegate.swift */ = {isa = PBXFileReference; lastKnownFileType = sourcecode.swift; path = SceneDelegate.swift; sourceTree = "<group>"; };
		8307126F264E12C900FEB56C /* Main.swift */ = {isa = PBXFileReference; lastKnownFileType = sourcecode.swift; path = Main.swift; sourceTree = "<group>"; };
		83071272264E12C900FEB56C /* Base */ = {isa = PBXFileReference; lastKnownFileType = file.storyboard; name = Base; path = Base.lproj/Main.storyboard; sourceTree = "<group>"; };
		83071274264E12CA00FEB56C /* Assets.xcassets */ = {isa = PBXFileReference; lastKnownFileType = folder.assetcatalog; path = Assets.xcassets; sourceTree = "<group>"; };
		83071277264E12CA00FEB56C /* Base */ = {isa = PBXFileReference; lastKnownFileType = file.storyboard; name = Base; path = Base.lproj/LaunchScreen.storyboard; sourceTree = "<group>"; };
		83071279264E12CA00FEB56C /* Info.plist */ = {isa = PBXFileReference; lastKnownFileType = text.plist.xml; path = Info.plist; sourceTree = "<group>"; };
		8307127F264E12DF00FEB56C /* Networking.swift */ = {isa = PBXFileReference; lastKnownFileType = sourcecode.swift; path = Networking.swift; sourceTree = "<group>"; };
		83071281264E1EA400FEB56C /* Constants.swift */ = {isa = PBXFileReference; lastKnownFileType = sourcecode.swift; path = Constants.swift; sourceTree = "<group>"; };
		83071283264E2A1100FEB56C /* RestaurantCell.swift */ = {isa = PBXFileReference; lastKnownFileType = sourcecode.swift; path = RestaurantCell.swift; sourceTree = "<group>"; };
		83071285264E2B1C00FEB56C /* Helpers.swift */ = {isa = PBXFileReference; lastKnownFileType = sourcecode.swift; path = Helpers.swift; sourceTree = "<group>"; };
		83369967264E59D200F43368 /* Restaurant.swift */ = {isa = PBXFileReference; lastKnownFileType = sourcecode.swift; path = Restaurant.swift; sourceTree = "<group>"; };
/* End PBXFileReference section */

/* Begin PBXFrameworksBuildPhase section */
		83071265264E12C900FEB56C /* Frameworks */ = {
			isa = PBXFrameworksBuildPhase;
			buildActionMask = 2147483647;
			files = (
			);
			runOnlyForDeploymentPostprocessing = 0;
		};
/* End PBXFrameworksBuildPhase section */

/* Begin PBXGroup section */
		8307125F264E12C900FEB56C = {
			isa = PBXGroup;
			children = (
				8307126A264E12C900FEB56C /* frestaurant */,
				83071269264E12C900FEB56C /* Products */,
			);
			sourceTree = "<group>";
		};
		83071269264E12C900FEB56C /* Products */ = {
			isa = PBXGroup;
			children = (
				83071268264E12C900FEB56C /* frestaurant.app */,
			);
			name = Products;
			sourceTree = "<group>";
		};
		8307126A264E12C900FEB56C /* frestaurant */ = {
			isa = PBXGroup;
			children = (
				8307126B264E12C900FEB56C /* AppDelegate.swift */,
				8307126D264E12C900FEB56C /* SceneDelegate.swift */,
				83071279264E12CA00FEB56C /* Info.plist */,
				83071274264E12CA00FEB56C /* Assets.xcassets */,
				83369965264E593600F43368 /* Models */,
				83369964264E58FF00F43368 /* Views */,
				83369966264E59AD00F43368 /* Controllers */,
			);
			path = frestaurant;
			sourceTree = "<group>";
		};
		83369964264E58FF00F43368 /* Views */ = {
			isa = PBXGroup;
			children = (
				83071271264E12C900FEB56C /* Main.storyboard */,
				83071276264E12CA00FEB56C /* LaunchScreen.storyboard */,
			);
			path = Views;
			sourceTree = "<group>";
		};
		83369965264E593600F43368 /* Models */ = {
			isa = PBXGroup;
			children = (
				8307127F264E12DF00FEB56C /* Networking.swift */,
				83071281264E1EA400FEB56C /* Constants.swift */,
				83071285264E2B1C00FEB56C /* Helpers.swift */,
				83369967264E59D200F43368 /* Restaurant.swift */,
			);
			path = Models;
			sourceTree = "<group>";
		};
		83369966264E59AD00F43368 /* Controllers */ = {
			isa = PBXGroup;
			children = (
				8307126F264E12C900FEB56C /* Main.swift */,
				83071283264E2A1100FEB56C /* RestaurantCell.swift */,
			);
			path = Controllers;
			sourceTree = "<group>";
		};
/* End PBXGroup section */

/* Begin PBXNativeTarget section */
		83071267264E12C900FEB56C /* frestaurant */ = {
			isa = PBXNativeTarget;
			buildConfigurationList = 8307127C264E12CA00FEB56C /* Build configuration list for PBXNativeTarget "frestaurant" */;
			buildPhases = (
				83071264264E12C900FEB56C /* Sources */,
				83071265264E12C900FEB56C /* Frameworks */,
				83071266264E12C900FEB56C /* Resources */,
			);
			buildRules = (
			);
			dependencies = (
			);
			name = frestaurant;
			productName = frestaurant;
			productReference = 83071268264E12C900FEB56C /* frestaurant.app */;
			productType = "com.apple.product-type.application";
		};
/* End PBXNativeTarget section */

/* Begin PBXProject section */
		83071260264E12C900FEB56C /* Project object */ = {
			isa = PBXProject;
			attributes = {
				LastSwiftUpdateCheck = 1250;
				LastUpgradeCheck = 1250;
				TargetAttributes = {
					83071267264E12C900FEB56C = {
						CreatedOnToolsVersion = 12.5;
					};
				};
			};
			buildConfigurationList = 83071263264E12C900FEB56C /* Build configuration list for PBXProject "frestaurant" */;
			compatibilityVersion = "Xcode 9.3";
			developmentRegion = en;
			hasScannedForEncodings = 0;
			knownRegions = (
				en,
				Base,
			);
			mainGroup = 8307125F264E12C900FEB56C;
			productRefGroup = 83071269264E12C900FEB56C /* Products */;
			projectDirPath = "";
			projectRoot = "";
			targets = (
				83071267264E12C900FEB56C /* frestaurant */,
			);
		};
/* End PBXProject section */

/* Begin PBXResourcesBuildPhase section */
		83071266264E12C900FEB56C /* Resources */ = {
			isa = PBXResourcesBuildPhase;
			buildActionMask = 2147483647;
			files = (
				83071278264E12CA00FEB56C /* LaunchScreen.storyboard in Resources */,
				83071275264E12CA00FEB56C /* Assets.xcassets in Resources */,
				83071273264E12C900FEB56C /* Main.storyboard in Resources */,
			);
			runOnlyForDeploymentPostprocessing = 0;
		};
/* End PBXResourcesBuildPhase section */

/* Begin PBXSourcesBuildPhase section */
		83071264264E12C900FEB56C /* Sources */ = {
			isa = PBXSourcesBuildPhase;
			buildActionMask = 2147483647;
			files = (
				83071284264E2A1100FEB56C /* RestaurantCell.swift in Sources */,
				83071286264E2B1C00FEB56C /* Helpers.swift in Sources */,
				83071282264E1EA400FEB56C /* Constants.swift in Sources */,
				83071270264E12C900FEB56C /* Main.swift in Sources */,
				83369968264E59D200F43368 /* Restaurant.swift in Sources */,
				8307126C264E12C900FEB56C /* AppDelegate.swift in Sources */,
				8307126E264E12C900FEB56C /* SceneDelegate.swift in Sources */,
				83071280264E12DF00FEB56C /* Networking.swift in Sources */,
			);
			runOnlyForDeploymentPostprocessing = 0;
		};
/* End PBXSourcesBuildPhase section */

/* Begin PBXVariantGroup section */
		83071271264E12C900FEB56C /* Main.storyboard */ = {
			isa = PBXVariantGroup;
			children = (
				83071272264E12C900FEB56C /* Base */,
			);
			name = Main.storyboard;
			sourceTree = "<group>";
		};
		83071276264E12CA00FEB56C /* LaunchScreen.storyboard */ = {
			isa = PBXVariantGroup;
			children = (
				83071277264E12CA00FEB56C /* Base */,
			);
			name = LaunchScreen.storyboard;
			sourceTree = "<group>";
		};
/* End PBXVariantGroup section */

/* Begin XCBuildConfiguration section */
		8307127A264E12CA00FEB56C /* Debug */ = {
			isa = XCBuildConfiguration;
			buildSettings = {
				ALWAYS_SEARCH_USER_PATHS = NO;
				CLANG_ANALYZER_NONNULL = YES;
				CLANG_ANALYZER_NUMBER_OBJECT_CONVERSION = YES_AGGRESSIVE;
				CLANG_CXX_LANGUAGE_STANDARD = "gnu++14";
				CLANG_CXX_LIBRARY = "libc++";
				CLANG_ENABLE_MODULES = YES;
				CLANG_ENABLE_OBJC_ARC = YES;
				CLANG_ENABLE_OBJC_WEAK = YES;
				CLANG_WARN_BLOCK_CAPTURE_AUTORELEASING = YES;
				CLANG_WARN_BOOL_CONVERSION = YES;
				CLANG_WARN_COMMA = YES;
				CLANG_WARN_CONSTANT_CONVERSION = YES;
				CLANG_WARN_DEPRECATED_OBJC_IMPLEMENTATIONS = YES;
				CLANG_WARN_DIRECT_OBJC_ISA_USAGE = YES_ERROR;
				CLANG_WARN_DOCUMENTATION_COMMENTS = YES;
				CLANG_WARN_EMPTY_BODY = YES;
				CLANG_WARN_ENUM_CONVERSION = YES;
				CLANG_WARN_INFINITE_RECURSION = YES;
				CLANG_WARN_INT_CONVERSION = YES;
				CLANG_WARN_NON_LITERAL_NULL_CONVERSION = YES;
				CLANG_WARN_OBJC_IMPLICIT_RETAIN_SELF = YES;
				CLANG_WARN_OBJC_LITERAL_CONVERSION = YES;
				CLANG_WARN_OBJC_ROOT_CLASS = YES_ERROR;
				CLANG_WARN_QUOTED_INCLUDE_IN_FRAMEWORK_HEADER = YES;
				CLANG_WARN_RANGE_LOOP_ANALYSIS = YES;
				CLANG_WARN_STRICT_PROTOTYPES = YES;
				CLANG_WARN_SUSPICIOUS_MOVE = YES;
				CLANG_WARN_UNGUARDED_AVAILABILITY = YES_AGGRESSIVE;
				CLANG_WARN_UNREACHABLE_CODE = YES;
				CLANG_WARN__DUPLICATE_METHOD_MATCH = YES;
				COPY_PHASE_STRIP = NO;
				DEBUG_INFORMATION_FORMAT = dwarf;
				ENABLE_STRICT_OBJC_MSGSEND = YES;
				ENABLE_TESTABILITY = YES;
				GCC_C_LANGUAGE_STANDARD = gnu11;
				GCC_DYNAMIC_NO_PIC = NO;
				GCC_NO_COMMON_BLOCKS = YES;
				GCC_OPTIMIZATION_LEVEL = 0;
				GCC_PREPROCESSOR_DEFINITIONS = (
					"DEBUG=1",
					"$(inherited)",
				);
				GCC_WARN_64_TO_32_BIT_CONVERSION = YES;
				GCC_WARN_ABOUT_RETURN_TYPE = YES_ERROR;
				GCC_WARN_UNDECLARED_SELECTOR = YES;
				GCC_WARN_UNINITIALIZED_AUTOS = YES_AGGRESSIVE;
				GCC_WARN_UNUSED_FUNCTION = YES;
				GCC_WARN_UNUSED_VARIABLE = YES;
				IPHONEOS_DEPLOYMENT_TARGET = 14.5;
				MTL_ENABLE_DEBUG_INFO = INCLUDE_SOURCE;
				MTL_FAST_MATH = YES;
				ONLY_ACTIVE_ARCH = YES;
				SDKROOT = iphoneos;
				SWIFT_ACTIVE_COMPILATION_CONDITIONS = DEBUG;
				SWIFT_OPTIMIZATION_LEVEL = "-Onone";
			};
			name = Debug;
		};
		8307127B264E12CA00FEB56C /* Release */ = {
			isa = XCBuildConfiguration;
			buildSettings = {
				ALWAYS_SEARCH_USER_PATHS = NO;
				CLANG_ANALYZER_NONNULL = YES;
				CLANG_ANALYZER_NUMBER_OBJECT_CONVERSION = YES_AGGRESSIVE;
				CLANG_CXX_LANGUAGE_STANDARD = "gnu++14";
				CLANG_CXX_LIBRARY = "libc++";
				CLANG_ENABLE_MODULES = YES;
				CLANG_ENABLE_OBJC_ARC = YES;
				CLANG_ENABLE_OBJC_WEAK = YES;
				CLANG_WARN_BLOCK_CAPTURE_AUTORELEASING = YES;
				CLANG_WARN_BOOL_CONVERSION = YES;
				CLANG_WARN_COMMA = YES;
				CLANG_WARN_CONSTANT_CONVERSION = YES;
				CLANG_WARN_DEPRECATED_OBJC_IMPLEMENTATIONS = YES;
				CLANG_WARN_DIRECT_OBJC_ISA_USAGE = YES_ERROR;
				CLANG_WARN_DOCUMENTATION_COMMENTS = YES;
				CLANG_WARN_EMPTY_BODY = YES;
				CLANG_WARN_ENUM_CONVERSION = YES;
				CLANG_WARN_INFINITE_RECURSION = YES;
				CLANG_WARN_INT_CONVERSION = YES;
				CLANG_WARN_NON_LITERAL_NULL_CONVERSION = YES;
				CLANG_WARN_OBJC_IMPLICIT_RETAIN_SELF = YES;
				CLANG_WARN_OBJC_LITERAL_CONVERSION = YES;
				CLANG_WARN_OBJC_ROOT_CLASS = YES_ERROR;
				CLANG_WARN_QUOTED_INCLUDE_IN_FRAMEWORK_HEADER = YES;
				CLANG_WARN_RANGE_LOOP_ANALYSIS = YES;
				CLANG_WARN_STRICT_PROTOTYPES = YES;
				CLANG_WARN_SUSPICIOUS_MOVE = YES;
				CLANG_WARN_UNGUARDED_AVAILABILITY = YES_AGGRESSIVE;
				CLANG_WARN_UNREACHABLE_CODE = YES;
				CLANG_WARN__DUPLICATE_METHOD_MATCH = YES;
				COPY_PHASE_STRIP = NO;
				DEBUG_INFORMATION_FORMAT = "dwarf-with-dsym";
				ENABLE_NS_ASSERTIONS = NO;
				ENABLE_STRICT_OBJC_MSGSEND = YES;
				GCC_C_LANGUAGE_STANDARD = gnu11;
				GCC_NO_COMMON_BLOCKS = YES;
				GCC_WARN_64_TO_32_BIT_CONVERSION = YES;
				GCC_WARN_ABOUT_RETURN_TYPE = YES_ERROR;
				GCC_WARN_UNDECLARED_SELECTOR = YES;
				GCC_WARN_UNINITIALIZED_AUTOS = YES_AGGRESSIVE;
				GCC_WARN_UNUSED_FUNCTION = YES;
				GCC_WARN_UNUSED_VARIABLE = YES;
				IPHONEOS_DEPLOYMENT_TARGET = 14.5;
				MTL_ENABLE_DEBUG_INFO = NO;
				MTL_FAST_MATH = YES;
				SDKROOT = iphoneos;
				SWIFT_COMPILATION_MODE = wholemodule;
				SWIFT_OPTIMIZATION_LEVEL = "-O";
				VALIDATE_PRODUCT = YES;
			};
			name = Release;
		};
		8307127D264E12CA00FEB56C /* Debug */ = {
			isa = XCBuildConfiguration;
			buildSettings = {
				ASSETCATALOG_COMPILER_APPICON_NAME = AppIcon;
				ASSETCATALOG_COMPILER_GLOBAL_ACCENT_COLOR_NAME = AccentColor;
				CODE_SIGN_STYLE = Automatic;
				DEVELOPMENT_TEAM = 8KKWD6QU49;
				INFOPLIST_FILE = frestaurant/Info.plist;
				LD_RUNPATH_SEARCH_PATHS = (
					"$(inherited)",
					"@executable_path/Frameworks",
				);
				PRODUCT_BUNDLE_IDENTIFIER = com.budisaputra.frestaurant;
				PRODUCT_NAME = "$(TARGET_NAME)";
				SWIFT_VERSION = 5.0;
				TARGETED_DEVICE_FAMILY = "1,2";
			};
			name = Debug;
		};
		8307127E264E12CA00FEB56C /* Release */ = {
			isa = XCBuildConfiguration;
			buildSettings = {
				ASSETCATALOG_COMPILER_APPICON_NAME = AppIcon;
				ASSETCATALOG_COMPILER_GLOBAL_ACCENT_COLOR_NAME = AccentColor;
				CODE_SIGN_STYLE = Automatic;
				DEVELOPMENT_TEAM = 8KKWD6QU49;
				INFOPLIST_FILE = frestaurant/Info.plist;
				LD_RUNPATH_SEARCH_PATHS = (
					"$(inherited)",
					"@executable_path/Frameworks",
				);
				PRODUCT_BUNDLE_IDENTIFIER = com.budisaputra.frestaurant;
				PRODUCT_NAME = "$(TARGET_NAME)";
				SWIFT_VERSION = 5.0;
				TARGETED_DEVICE_FAMILY = "1,2";
			};
			name = Release;
		};
/* End XCBuildConfiguration section */

/* Begin XCConfigurationList section */
		83071263264E12C900FEB56C /* Build configuration list for PBXProject "frestaurant" */ = {
			isa = XCConfigurationList;
			buildConfigurations = (
				8307127A264E12CA00FEB56C /* Debug */,
				8307127B264E12CA00FEB56C /* Release */,
			);
			defaultConfigurationIsVisible = 0;
			defaultConfigurationName = Release;
		};
		8307127C264E12CA00FEB56C /* Build configuration list for PBXNativeTarget "frestaurant" */ = {
			isa = XCConfigurationList;
			buildConfigurations = (
				8307127D264E12CA00FEB56C /* Debug */,
				8307127E264E12CA00FEB56C /* Release */,
			);
			defaultConfigurationIsVisible = 0;
			defaultConfigurationName = Release;
		};
/* End XCConfigurationList section */
	};
	rootObject = 83071260264E12C900FEB56C /* Project object */;
}
